
Microsoft Visual Studio Solution File, Format Version 12.00
# Visual Studio Version 16
VisualStudioVersion = 16.0.29215.179
MinimumVisualStudioVersion = 10.0.40219.1
Project("{FAE04EC0-301F-11D3-BF4B-00C04F79EFBC}") = "scheduler", "scheduler\scheduler.csproj", "{EFFA6249-F683-4770-82FA-EDB2BF452FEE}"
EndProject
Global
	GlobalSection(SolutionConfigurationPlatforms) = preSolution
		Debug|Any CPU = Debug|Any CPU
		Release|Any CPU = Release|Any CPU
	EndGlobalSection
	GlobalSection(ProjectConfigurationPlatforms) = postSolution
		{EFFA6249-F683-4770-82FA-EDB2BF452FEE}.Debug|Any CPU.ActiveCfg = Debug|Any CPU
		{EFFA6249-F683-4770-82FA-EDB2BF452FEE}.Debug|Any CPU.Build.0 = Debug|Any CPU
		{EFFA6249-F683-4770-82FA-EDB2BF452FEE}.Release|Any CPU.ActiveCfg = Release|Any CPU
		{EFFA6249-F683-4770-82FA-EDB2BF452FEE}.Release|Any CPU.Build.0 = Release|Any CPU
	EndGlobalSection
	GlobalSection(SolutionProperties) = preSolution
		HideSolutionNode = FALSE
	EndGlobalSection
	GlobalSection(ExtensibilityGlobals) = postSolution
		SolutionGuid = {4F94F512-AF20-48F3-B183-4655A9220E76}
	EndGlobalSection
EndGlobal
